
Microsoft Visual Studio Solution File, Format Version 12.00
# Visual Studio Version 17
VisualStudioVersion = 17.13.35931.197
MinimumVisualStudioVersion = 10.0.40219.1
Project("{8BC9CEB8-8B4A-11D0-8D11-00A0C91BC942}") = "Ex1", "Ex1\Ex1.vcxproj", "{7A0DEACD-98B9-4EBB-A40A-94F8B975699E}"
EndProject
Project("{8BC9CEB8-8B4A-11D0-8D11-00A0C91BC942}") = "Ex2", "Ex2\Ex2.vcxproj", "{73B84CA3-DAD0-422E-A492-154F549378CC}"
EndProject
Project("{8BC9CEB8-8B4A-11D0-8D11-00A0C91BC942}") = "Ex3", "Ex3\Ex3.vcxproj", "{65856467-AEC6-4A81-8F96-FD01D14FC963}"
EndProject
Project("{8BC9CEB8-8B4A-11D0-8D11-00A0C91BC942}") = "Ex4", "Ex4\Ex4.vcxproj", "{85A71FEF-DF1D-43CE-B4E9-D88CDEBA9DFA}"
EndProject
Project("{8BC9CEB8-8B4A-11D0-8D11-00A0C91BC942}") = "Ex5", "Ex5\Ex5.vcxproj", "{D2A07C55-1C0C-4509-A06A-2F972BFA17DD}"
EndProject
Project("{8BC9CEB8-8B4A-11D0-8D11-00A0C91BC942}") = "Ex6", "Ex6\Ex6.vcxproj", "{775309BB-C8B0-491E-A9F6-B7B87B52B1F8}"
EndProject
Project("{8BC9CEB8-8B4A-11D0-8D11-00A0C91BC942}") = "Ex7", "Ex7\Ex7.vcxproj", "{1989953A-FAA8-431E-B055-E780F6DBB93A}"
EndProject
Project("{8BC9CEB8-8B4A-11D0-8D11-00A0C91BC942}") = "Ex8", "Ex8\Ex8.vcxproj", "{F7CC109E-3994-464B-8F46-22843C45FEE0}"
EndProject
Project("{8BC9CEB8-8B4A-11D0-8D11-00A0C91BC942}") = "Ex9", "Ex9\Ex9.vcxproj", "{74B20006-E787-411A-B93E-0CE621FB26D2}"
EndProject
Project("{8BC9CEB8-8B4A-11D0-8D11-00A0C91BC942}") = "Ex10", "Ex10\Ex10.vcxproj", "{6EBC02E2-5B8D-4786-A7EB-F4D7E29E8F3F}"
EndProject
Project("{8BC9CEB8-8B4A-11D0-8D11-00A0C91BC942}") = "Ex11", "Ex11\Ex11.vcxproj", "{2D8F1394-81B1-4AC5-91E0-45636487388E}"
EndProject
Project("{8BC9CEB8-8B4A-11D0-8D11-00A0C91BC942}") = "Ex12", "Ex12\Ex12.vcxproj", "{493AF715-B3B3-4BAF-B120-A8F77D217A1E}"
EndProject
Project("{8BC9CEB8-8B4A-11D0-8D11-00A0C91BC942}") = "Ex13", "Ex13\Ex13.vcxproj", "{21A04365-3367-4454-8CCE-AD46CCC9D711}"
EndProject
Project("{8BC9CEB8-8B4A-11D0-8D11-00A0C91BC942}") = "Ex14", "Ex14\Ex14.vcxproj", "{83BC3505-B2DC-4873-9FFF-DC4C10869CC3}"
EndProject
Project("{8BC9CEB8-8B4A-11D0-8D11-00A0C91BC942}") = "Ex15", "Ex15\Ex15.vcxproj", "{6481EF99-3237-4CB9-91E4-82FD505722DC}"
EndProject
Project("{8BC9CEB8-8B4A-11D0-8D11-00A0C91BC942}") = "Ex16", "Ex16\Ex16.vcxproj", "{6A39A53B-E6E1-45EB-9376-583193CCC022}"
EndProject
Project("{8BC9CEB8-8B4A-11D0-8D11-00A0C91BC942}") = "Ex17", "Ex17\Ex17.vcxproj", "{5904B2FF-6352-4BBA-B448-B1025126417E}"
EndProject
Project("{8BC9CEB8-8B4A-11D0-8D11-00A0C91BC942}") = "Ex18", "Ex18\Ex18.vcxproj", "{B6D4163E-E030-4394-AB38-484C2BB36719}"
EndProject
Project("{8BC9CEB8-8B4A-11D0-8D11-00A0C91BC942}") = "Ex19", "Ex19\Ex19.vcxproj", "{60F42AEF-4473-40CE-BA35-A02DC717EF3C}"
EndProject
Project("{8BC9CEB8-8B4A-11D0-8D11-00A0C91BC942}") = "Ex20", "Ex20\Ex20.vcxproj", "{19EE0E6C-B252-4A0A-BF45-52E8C14A0E02}"
EndProject
Project("{8BC9CEB8-8B4A-11D0-8D11-00A0C91BC942}") = "Ex21", "Ex21\Ex21.vcxproj", "{E33494DD-68BE-4EC5-A33A-9B846A5F7F67}"
EndProject
Project("{8BC9CEB8-8B4A-11D0-8D11-00A0C91BC942}") = "Ex22", "Ex22\Ex22.vcxproj", "{3C358FFD-7360-4105-9C5D-71F28D9824FB}"
EndProject
Project("{8BC9CEB8-8B4A-11D0-8D11-00A0C91BC942}") = "Ex23", "Ex23\Ex23.vcxproj", "{5794C473-2125-43DB-B94D-75D3332CFE47}"
EndProject
Project("{8BC9CEB8-8B4A-11D0-8D11-00A0C91BC942}") = "Ex24", "Ex24\Ex24.vcxproj", "{333D0AF4-D1CF-4FA3-AA78-36B88D2B93BB}"
EndProject
Project("{8BC9CEB8-8B4A-11D0-8D11-00A0C91BC942}") = "Ex25", "Ex25\Ex25.vcxproj", "{514D47AF-9D64-47A1-B122-089823420E05}"
EndProject
Project("{8BC9CEB8-8B4A-11D0-8D11-00A0C91BC942}") = "Ex26", "Ex26\Ex26.vcxproj", "{868C5391-A076-4FC3-B829-7104509FEB4E}"
EndProject
Project("{8BC9CEB8-8B4A-11D0-8D11-00A0C91BC942}") = "Ex27", "Ex27\Ex27.vcxproj", "{D77497BF-7972-467C-868A-801226BE9B90}"
EndProject
Project("{8BC9CEB8-8B4A-11D0-8D11-00A0C91BC942}") = "Ex28", "Ex28\Ex28.vcxproj", "{1E3FC866-C342-4B58-869C-30D6C345D414}"
EndProject
Project("{8BC9CEB8-8B4A-11D0-8D11-00A0C91BC942}") = "Ex29", "Ex29\Ex29.vcxproj", "{D4F32CD6-E01C-4DC2-90BB-EB935E3F1D3D}"
EndProject
Project("{8BC9CEB8-8B4A-11D0-8D11-00A0C91BC942}") = "Ex30", "Ex30\Ex30.vcxproj", "{6A080EAD-ADEE-47D1-9494-685664D68176}"
EndProject
Project("{8BC9CEB8-8B4A-11D0-8D11-00A0C91BC942}") = "Ex31", "Ex31\Ex31.vcxproj", "{18A23328-4C1D-4E00-A16A-238F7E779431}"
EndProject
Project("{8BC9CEB8-8B4A-11D0-8D11-00A0C91BC942}") = "Ex31-2", "Ex31-2\Ex31-2.vcxproj", "{F07A3441-D205-4346-9031-6BA295A0F989}"
EndProject
Project("{8BC9CEB8-8B4A-11D0-8D11-00A0C91BC942}") = "Ex32", "Ex32\Ex32.vcxproj", "{174D9AC1-584C-4012-A1DA-72A31B554F3C}"
EndProject
Project("{8BC9CEB8-8B4A-11D0-8D11-00A0C91BC942}") = "Ex32-2", "Ex32-2\Ex32-2.vcxproj", "{308E2A56-CAD0-43BA-9564-50CFE48903B3}"
EndProject
Project("{8BC9CEB8-8B4A-11D0-8D11-00A0C91BC942}") = "Ex33", "Ex33\Ex33.vcxproj", "{04A39266-12D9-4B35-9401-1411AB45B80B}"
EndProject
Project("{8BC9CEB8-8B4A-11D0-8D11-00A0C91BC942}") = "Ex34", "Ex34\Ex34.vcxproj", "{196B9DD9-A5A3-45F7-B841-2424C678EEBD}"
EndProject
Project("{8BC9CEB8-8B4A-11D0-8D11-00A0C91BC942}") = "Ex35", "Ex35\Ex35.vcxproj", "{9D013EC1-3FF4-4BC8-9F92-0355BC83A562}"
EndProject
Project("{8BC9CEB8-8B4A-11D0-8D11-00A0C91BC942}") = "Ex36", "Ex36\Ex36.vcxproj", "{E2586BB0-C6C3-45BF-A3D6-28FCCFA2D7E2}"
EndProject
Project("{8BC9CEB8-8B4A-11D0-8D11-00A0C91BC942}") = "Ex37", "Ex37\Ex37.vcxproj", "{EACEA775-167C-46CF-A1B5-6F141A9B0776}"
EndProject
Project("{8BC9CEB8-8B4A-11D0-8D11-00A0C91BC942}") = "Ex38", "Ex38\Ex38.vcxproj", "{5CF012EA-9299-4615-9DA1-788E2D97EA4E}"
EndProject
Project("{8BC9CEB8-8B4A-11D0-8D11-00A0C91BC942}") = "Ex39", "Ex39\Ex39.vcxproj", "{CDFF467F-8FFE-498E-B02B-9C0D83C6DF5A}"
EndProject
Project("{8BC9CEB8-8B4A-11D0-8D11-00A0C91BC942}") = "Ex40", "Ex40\Ex40.vcxproj", "{B1EB304C-3C3A-4F41-914B-7E0F40CCAA24}"
EndProject
Project("{8BC9CEB8-8B4A-11D0-8D11-00A0C91BC942}") = "Ex41", "Ex41\Ex41.vcxproj", "{39AA811B-3EE3-40A1-A15D-4C37D4B63BAD}"
EndProject
Project("{8BC9CEB8-8B4A-11D0-8D11-00A0C91BC942}") = "Ex42", "Ex42\Ex42.vcxproj", "{4C20D10F-3CAF-4CE6-85B3-8C8D9010BD23}"
EndProject
Project("{8BC9CEB8-8B4A-11D0-8D11-00A0C91BC942}") = "Ex43", "Ex43\Ex43.vcxproj", "{3853519B-4311-44BC-9744-D385F98434C1}"
EndProject
Project("{8BC9CEB8-8B4A-11D0-8D11-00A0C91BC942}") = "Ex44", "Ex44\Ex44.vcxproj", "{28CBE115-85CA-4D93-9DEC-C0E5D162FCEF}"
EndProject
Project("{8BC9CEB8-8B4A-11D0-8D11-00A0C91BC942}") = "Ex45", "Ex45\Ex45.vcxproj", "{1F29DB94-B77B-4995-8E3A-33F62FF69042}"
EndProject
Project("{8BC9CEB8-8B4A-11D0-8D11-00A0C91BC942}") = "Ex46", "Ex46\Ex46.vcxproj", "{B452B0EA-9D89-4735-8F29-D6AB736BB0A9}"
EndProject
Project("{8BC9CEB8-8B4A-11D0-8D11-00A0C91BC942}") = "Ex47", "Ex47\Ex47.vcxproj", "{A2600CD6-8B89-4FF0-A53D-4890D1FF4F22}"
EndProject
Project("{8BC9CEB8-8B4A-11D0-8D11-00A0C91BC942}") = "Ex48", "Ex48\Ex48.vcxproj", "{598A4041-A61E-4303-823D-3DA2A018F08B}"
EndProject
Project("{8BC9CEB8-8B4A-11D0-8D11-00A0C91BC942}") = "Ex49", "Ex49\Ex49.vcxproj", "{5A4C3BA5-56F6-4E09-A290-C502B52FA42F}"
EndProject
Project("{8BC9CEB8-8B4A-11D0-8D11-00A0C91BC942}") = "Ex50", "Ex50\Ex50.vcxproj", "{DFDF206A-72B5-4513-9CC6-DE95332AAB17}"
EndProject
Global
	GlobalSection(SolutionConfigurationPlatforms) = preSolution
		Debug|x64 = Debug|x64
		Debug|x86 = Debug|x86
		Release|x64 = Release|x64
		Release|x86 = Release|x86
	EndGlobalSection
	GlobalSection(ProjectConfigurationPlatforms) = postSolution
		{7A0DEACD-98B9-4EBB-A40A-94F8B975699E}.Debug|x64.ActiveCfg = Debug|x64
		{7A0DEACD-98B9-4EBB-A40A-94F8B975699E}.Debug|x64.Build.0 = Debug|x64
		{7A0DEACD-98B9-4EBB-A40A-94F8B975699E}.Debug|x86.ActiveCfg = Debug|Win32
		{7A0DEACD-98B9-4EBB-A40A-94F8B975699E}.Debug|x86.Build.0 = Debug|Win32
		{7A0DEACD-98B9-4EBB-A40A-94F8B975699E}.Release|x64.ActiveCfg = Release|x64
		{7A0DEACD-98B9-4EBB-A40A-94F8B975699E}.Release|x64.Build.0 = Release|x64
		{7A0DEACD-98B9-4EBB-A40A-94F8B975699E}.Release|x86.ActiveCfg = Release|Win32
		{7A0DEACD-98B9-4EBB-A40A-94F8B975699E}.Release|x86.Build.0 = Release|Win32
		{73B84CA3-DAD0-422E-A492-154F549378CC}.Debug|x64.ActiveCfg = Debug|x64
		{73B84CA3-DAD0-422E-A492-154F549378CC}.Debug|x64.Build.0 = Debug|x64
		{73B84CA3-DAD0-422E-A492-154F549378CC}.Debug|x86.ActiveCfg = Debug|Win32
		{73B84CA3-DAD0-422E-A492-154F549378CC}.Debug|x86.Build.0 = Debug|Win32
		{73B84CA3-DAD0-422E-A492-154F549378CC}.Release|x64.ActiveCfg = Release|x64
		{73B84CA3-DAD0-422E-A492-154F549378CC}.Release|x64.Build.0 = Release|x64
		{73B84CA3-DAD0-422E-A492-154F549378CC}.Release|x86.ActiveCfg = Release|Win32
		{73B84CA3-DAD0-422E-A492-154F549378CC}.Release|x86.Build.0 = Release|Win32
		{65856467-AEC6-4A81-8F96-FD01D14FC963}.Debug|x64.ActiveCfg = Debug|x64
		{65856467-AEC6-4A81-8F96-FD01D14FC963}.Debug|x64.Build.0 = Debug|x64
		{65856467-AEC6-4A81-8F96-FD01D14FC963}.Debug|x86.ActiveCfg = Debug|Win32
		{65856467-AEC6-4A81-8F96-FD01D14FC963}.Debug|x86.Build.0 = Debug|Win32
		{65856467-AEC6-4A81-8F96-FD01D14FC963}.Release|x64.ActiveCfg = Release|x64
		{65856467-AEC6-4A81-8F96-FD01D14FC963}.Release|x64.Build.0 = Release|x64
		{65856467-AEC6-4A81-8F96-FD01D14FC963}.Release|x86.ActiveCfg = Release|Win32
		{65856467-AEC6-4A81-8F96-FD01D14FC963}.Release|x86.Build.0 = Release|Win32
		{85A71FEF-DF1D-43CE-B4E9-D88CDEBA9DFA}.Debug|x64.ActiveCfg = Debug|x64
		{85A71FEF-DF1D-43CE-B4E9-D88CDEBA9DFA}.Debug|x64.Build.0 = Debug|x64
		{85A71FEF-DF1D-43CE-B4E9-D88CDEBA9DFA}.Debug|x86.ActiveCfg = Debug|Win32
		{85A71FEF-DF1D-43CE-B4E9-D88CDEBA9DFA}.Debug|x86.Build.0 = Debug|Win32
		{85A71FEF-DF1D-43CE-B4E9-D88CDEBA9DFA}.Release|x64.ActiveCfg = Release|x64
		{85A71FEF-DF1D-43CE-B4E9-D88CDEBA9DFA}.Release|x64.Build.0 = Release|x64
		{85A71FEF-DF1D-43CE-B4E9-D88CDEBA9DFA}.Release|x86.ActiveCfg = Release|Win32
		{85A71FEF-DF1D-43CE-B4E9-D88CDEBA9DFA}.Release|x86.Build.0 = Release|Win32
		{D2A07C55-1C0C-4509-A06A-2F972BFA17DD}.Debug|x64.ActiveCfg = Debug|x64
		{D2A07C55-1C0C-4509-A06A-2F972BFA17DD}.Debug|x64.Build.0 = Debug|x64
		{D2A07C55-1C0C-4509-A06A-2F972BFA17DD}.Debug|x86.ActiveCfg = Debug|Win32
		{D2A07C55-1C0C-4509-A06A-2F972BFA17DD}.Debug|x86.Build.0 = Debug|Win32
		{D2A07C55-1C0C-4509-A06A-2F972BFA17DD}.Release|x64.ActiveCfg = Release|x64
		{D2A07C55-1C0C-4509-A06A-2F972BFA17DD}.Release|x64.Build.0 = Release|x64
		{D2A07C55-1C0C-4509-A06A-2F972BFA17DD}.Release|x86.ActiveCfg = Release|Win32
		{D2A07C55-1C0C-4509-A06A-2F972BFA17DD}.Release|x86.Build.0 = Release|Win32
		{775309BB-C8B0-491E-A9F6-B7B87B52B1F8}.Debug|x64.ActiveCfg = Debug|x64
		{775309BB-C8B0-491E-A9F6-B7B87B52B1F8}.Debug|x64.Build.0 = Debug|x64
		{775309BB-C8B0-491E-A9F6-B7B87B52B1F8}.Debug|x86.ActiveCfg = Debug|Win32
		{775309BB-C8B0-491E-A9F6-B7B87B52B1F8}.Debug|x86.Build.0 = Debug|Win32
		{775309BB-C8B0-491E-A9F6-B7B87B52B1F8}.Release|x64.ActiveCfg = Release|x64
		{775309BB-C8B0-491E-A9F6-B7B87B52B1F8}.Release|x64.Build.0 = Release|x64
		{775309BB-C8B0-491E-A9F6-B7B87B52B1F8}.Release|x86.ActiveCfg = Release|Win32
		{775309BB-C8B0-491E-A9F6-B7B87B52B1F8}.Release|x86.Build.0 = Release|Win32
		{1989953A-FAA8-431E-B055-E780F6DBB93A}.Debug|x64.ActiveCfg = Debug|x64
		{1989953A-FAA8-431E-B055-E780F6DBB93A}.Debug|x64.Build.0 = Debug|x64
		{1989953A-FAA8-431E-B055-E780F6DBB93A}.Debug|x86.ActiveCfg = Debug|Win32
		{1989953A-FAA8-431E-B055-E780F6DBB93A}.Debug|x86.Build.0 = Debug|Win32
		{1989953A-FAA8-431E-B055-E780F6DBB93A}.Release|x64.ActiveCfg = Release|x64
		{1989953A-FAA8-431E-B055-E780F6DBB93A}.Release|x64.Build.0 = Release|x64
		{1989953A-FAA8-431E-B055-E780F6DBB93A}.Release|x86.ActiveCfg = Release|Win32
		{1989953A-FAA8-431E-B055-E780F6DBB93A}.Release|x86.Build.0 = Release|Win32
		{F7CC109E-3994-464B-8F46-22843C45FEE0}.Debug|x64.ActiveCfg = Debug|x64
		{F7CC109E-3994-464B-8F46-22843C45FEE0}.Debug|x64.Build.0 = Debug|x64
		{F7CC109E-3994-464B-8F46-22843C45FEE0}.Debug|x86.ActiveCfg = Debug|Win32
		{F7CC109E-3994-464B-8F46-22843C45FEE0}.Debug|x86.Build.0 = Debug|Win32
		{F7CC109E-3994-464B-8F46-22843C45FEE0}.Release|x64.ActiveCfg = Release|x64
		{F7CC109E-3994-464B-8F46-22843C45FEE0}.Release|x64.Build.0 = Release|x64
		{F7CC109E-3994-464B-8F46-22843C45FEE0}.Release|x86.ActiveCfg = Release|Win32
		{F7CC109E-3994-464B-8F46-22843C45FEE0}.Release|x86.Build.0 = Release|Win32
		{74B20006-E787-411A-B93E-0CE621FB26D2}.Debug|x64.ActiveCfg = Debug|x64
		{74B20006-E787-411A-B93E-0CE621FB26D2}.Debug|x64.Build.0 = Debug|x64
		{74B20006-E787-411A-B93E-0CE621FB26D2}.Debug|x86.ActiveCfg = Debug|Win32
		{74B20006-E787-411A-B93E-0CE621FB26D2}.Debug|x86.Build.0 = Debug|Win32
		{74B20006-E787-411A-B93E-0CE621FB26D2}.Release|x64.ActiveCfg = Release|x64
		{74B20006-E787-411A-B93E-0CE621FB26D2}.Release|x64.Build.0 = Release|x64
		{74B20006-E787-411A-B93E-0CE621FB26D2}.Release|x86.ActiveCfg = Release|Win32
		{74B20006-E787-411A-B93E-0CE621FB26D2}.Release|x86.Build.0 = Release|Win32
		{6EBC02E2-5B8D-4786-A7EB-F4D7E29E8F3F}.Debug|x64.ActiveCfg = Debug|x64
		{6EBC02E2-5B8D-4786-A7EB-F4D7E29E8F3F}.Debug|x64.Build.0 = Debug|x64
		{6EBC02E2-5B8D-4786-A7EB-F4D7E29E8F3F}.Debug|x86.ActiveCfg = Debug|Win32
		{6EBC02E2-5B8D-4786-A7EB-F4D7E29E8F3F}.Debug|x86.Build.0 = Debug|Win32
		{6EBC02E2-5B8D-4786-A7EB-F4D7E29E8F3F}.Release|x64.ActiveCfg = Release|x64
		{6EBC02E2-5B8D-4786-A7EB-F4D7E29E8F3F}.Release|x64.Build.0 = Release|x64
		{6EBC02E2-5B8D-4786-A7EB-F4D7E29E8F3F}.Release|x86.ActiveCfg = Release|Win32
		{6EBC02E2-5B8D-4786-A7EB-F4D7E29E8F3F}.Release|x86.Build.0 = Release|Win32
		{2D8F1394-81B1-4AC5-91E0-45636487388E}.Debug|x64.ActiveCfg = Debug|x64
		{2D8F1394-81B1-4AC5-91E0-45636487388E}.Debug|x64.Build.0 = Debug|x64
		{2D8F1394-81B1-4AC5-91E0-45636487388E}.Debug|x86.ActiveCfg = Debug|Win32
		{2D8F1394-81B1-4AC5-91E0-45636487388E}.Debug|x86.Build.0 = Debug|Win32
		{2D8F1394-81B1-4AC5-91E0-45636487388E}.Release|x64.ActiveCfg = Release|x64
		{2D8F1394-81B1-4AC5-91E0-45636487388E}.Release|x64.Build.0 = Release|x64
		{2D8F1394-81B1-4AC5-91E0-45636487388E}.Release|x86.ActiveCfg = Release|Win32
		{2D8F1394-81B1-4AC5-91E0-45636487388E}.Release|x86.Build.0 = Release|Win32
		{493AF715-B3B3-4BAF-B120-A8F77D217A1E}.Debug|x64.ActiveCfg = Debug|x64
		{493AF715-B3B3-4BAF-B120-A8F77D217A1E}.Debug|x64.Build.0 = Debug|x64
		{493AF715-B3B3-4BAF-B120-A8F77D217A1E}.Debug|x86.ActiveCfg = Debug|Win32
		{493AF715-B3B3-4BAF-B120-A8F77D217A1E}.Debug|x86.Build.0 = Debug|Win32
		{493AF715-B3B3-4BAF-B120-A8F77D217A1E}.Release|x64.ActiveCfg = Release|x64
		{493AF715-B3B3-4BAF-B120-A8F77D217A1E}.Release|x64.Build.0 = Release|x64
		{493AF715-B3B3-4BAF-B120-A8F77D217A1E}.Release|x86.ActiveCfg = Release|Win32
		{493AF715-B3B3-4BAF-B120-A8F77D217A1E}.Release|x86.Build.0 = Release|Win32
		{21A04365-3367-4454-8CCE-AD46CCC9D711}.Debug|x64.ActiveCfg = Debug|x64
		{21A04365-3367-4454-8CCE-AD46CCC9D711}.Debug|x64.Build.0 = Debug|x64
		{21A04365-3367-4454-8CCE-AD46CCC9D711}.Debug|x86.ActiveCfg = Debug|Win32
		{21A04365-3367-4454-8CCE-AD46CCC9D711}.Debug|x86.Build.0 = Debug|Win32
		{21A04365-3367-4454-8CCE-AD46CCC9D711}.Release|x64.ActiveCfg = Release|x64
		{21A04365-3367-4454-8CCE-AD46CCC9D711}.Release|x64.Build.0 = Release|x64
		{21A04365-3367-4454-8CCE-AD46CCC9D711}.Release|x86.ActiveCfg = Release|Win32
		{21A04365-3367-4454-8CCE-AD46CCC9D711}.Release|x86.Build.0 = Release|Win32
		{83BC3505-B2DC-4873-9FFF-DC4C10869CC3}.Debug|x64.ActiveCfg = Debug|x64
		{83BC3505-B2DC-4873-9FFF-DC4C10869CC3}.Debug|x64.Build.0 = Debug|x64
		{83BC3505-B2DC-4873-9FFF-DC4C10869CC3}.Debug|x86.ActiveCfg = Debug|Win32
		{83BC3505-B2DC-4873-9FFF-DC4C10869CC3}.Debug|x86.Build.0 = Debug|Win32
		{83BC3505-B2DC-4873-9FFF-DC4C10869CC3}.Release|x64.ActiveCfg = Release|x64
		{83BC3505-B2DC-4873-9FFF-DC4C10869CC3}.Release|x64.Build.0 = Release|x64
		{83BC3505-B2DC-4873-9FFF-DC4C10869CC3}.Release|x86.ActiveCfg = Release|Win32
		{83BC3505-B2DC-4873-9FFF-DC4C10869CC3}.Release|x86.Build.0 = Release|Win32
		{6481EF99-3237-4CB9-91E4-82FD505722DC}.Debug|x64.ActiveCfg = Debug|x64
		{6481EF99-3237-4CB9-91E4-82FD505722DC}.Debug|x64.Build.0 = Debug|x64
		{6481EF99-3237-4CB9-91E4-82FD505722DC}.Debug|x86.ActiveCfg = Debug|Win32
		{6481EF99-3237-4CB9-91E4-82FD505722DC}.Debug|x86.Build.0 = Debug|Win32
		{6481EF99-3237-4CB9-91E4-82FD505722DC}.Release|x64.ActiveCfg = Release|x64
		{6481EF99-3237-4CB9-91E4-82FD505722DC}.Release|x64.Build.0 = Release|x64
		{6481EF99-3237-4CB9-91E4-82FD505722DC}.Release|x86.ActiveCfg = Release|Win32
		{6481EF99-3237-4CB9-91E4-82FD505722DC}.Release|x86.Build.0 = Release|Win32
		{6A39A53B-E6E1-45EB-9376-583193CCC022}.Debug|x64.ActiveCfg = Debug|x64
		{6A39A53B-E6E1-45EB-9376-583193CCC022}.Debug|x64.Build.0 = Debug|x64
		{6A39A53B-E6E1-45EB-9376-583193CCC022}.Debug|x86.ActiveCfg = Debug|Win32
		{6A39A53B-E6E1-45EB-9376-583193CCC022}.Debug|x86.Build.0 = Debug|Win32
		{6A39A53B-E6E1-45EB-9376-583193CCC022}.Release|x64.ActiveCfg = Release|x64
		{6A39A53B-E6E1-45EB-9376-583193CCC022}.Release|x64.Build.0 = Release|x64
		{6A39A53B-E6E1-45EB-9376-583193CCC022}.Release|x86.ActiveCfg = Release|Win32
		{6A39A53B-E6E1-45EB-9376-583193CCC022}.Release|x86.Build.0 = Release|Win32
		{5904B2FF-6352-4BBA-B448-B1025126417E}.Debug|x64.ActiveCfg = Debug|x64
		{5904B2FF-6352-4BBA-B448-B1025126417E}.Debug|x64.Build.0 = Debug|x64
		{5904B2FF-6352-4BBA-B448-B1025126417E}.Debug|x86.ActiveCfg = Debug|Win32
		{5904B2FF-6352-4BBA-B448-B1025126417E}.Debug|x86.Build.0 = Debug|Win32
		{5904B2FF-6352-4BBA-B448-B1025126417E}.Release|x64.ActiveCfg = Release|x64
		{5904B2FF-6352-4BBA-B448-B1025126417E}.Release|x64.Build.0 = Release|x64
		{5904B2FF-6352-4BBA-B448-B1025126417E}.Release|x86.ActiveCfg = Release|Win32
		{5904B2FF-6352-4BBA-B448-B1025126417E}.Release|x86.Build.0 = Release|Win32
		{B6D4163E-E030-4394-AB38-484C2BB36719}.Debug|x64.ActiveCfg = Debug|x64
		{B6D4163E-E030-4394-AB38-484C2BB36719}.Debug|x64.Build.0 = Debug|x64
		{B6D4163E-E030-4394-AB38-484C2BB36719}.Debug|x86.ActiveCfg = Debug|Win32
		{B6D4163E-E030-4394-AB38-484C2BB36719}.Debug|x86.Build.0 = Debug|Win32
		{B6D4163E-E030-4394-AB38-484C2BB36719}.Release|x64.ActiveCfg = Release|x64
		{B6D4163E-E030-4394-AB38-484C2BB36719}.Release|x64.Build.0 = Release|x64
		{B6D4163E-E030-4394-AB38-484C2BB36719}.Release|x86.ActiveCfg = Release|Win32
		{B6D4163E-E030-4394-AB38-484C2BB36719}.Release|x86.Build.0 = Release|Win32
		{60F42AEF-4473-40CE-BA35-A02DC717EF3C}.Debug|x64.ActiveCfg = Debug|x64
		{60F42AEF-4473-40CE-BA35-A02DC717EF3C}.Debug|x64.Build.0 = Debug|x64
		{60F42AEF-4473-40CE-BA35-A02DC717EF3C}.Debug|x86.ActiveCfg = Debug|Win32
		{60F42AEF-4473-40CE-BA35-A02DC717EF3C}.Debug|x86.Build.0 = Debug|Win32
		{60F42AEF-4473-40CE-BA35-A02DC717EF3C}.Release|x64.ActiveCfg = Release|x64
		{60F42AEF-4473-40CE-BA35-A02DC717EF3C}.Release|x64.Build.0 = Release|x64
		{60F42AEF-4473-40CE-BA35-A02DC717EF3C}.Release|x86.ActiveCfg = Release|Win32
		{60F42AEF-4473-40CE-BA35-A02DC717EF3C}.Release|x86.Build.0 = Release|Win32
		{19EE0E6C-B252-4A0A-BF45-52E8C14A0E02}.Debug|x64.ActiveCfg = Debug|x64
		{19EE0E6C-B252-4A0A-BF45-52E8C14A0E02}.Debug|x64.Build.0 = Debug|x64
		{19EE0E6C-B252-4A0A-BF45-52E8C14A0E02}.Debug|x86.ActiveCfg = Debug|Win32
		{19EE0E6C-B252-4A0A-BF45-52E8C14A0E02}.Debug|x86.Build.0 = Debug|Win32
		{19EE0E6C-B252-4A0A-BF45-52E8C14A0E02}.Release|x64.ActiveCfg = Release|x64
		{19EE0E6C-B252-4A0A-BF45-52E8C14A0E02}.Release|x64.Build.0 = Release|x64
		{19EE0E6C-B252-4A0A-BF45-52E8C14A0E02}.Release|x86.ActiveCfg = Release|Win32
		{19EE0E6C-B252-4A0A-BF45-52E8C14A0E02}.Release|x86.Build.0 = Release|Win32
		{E33494DD-68BE-4EC5-A33A-9B846A5F7F67}.Debug|x64.ActiveCfg = Debug|x64
		{E33494DD-68BE-4EC5-A33A-9B846A5F7F67}.Debug|x64.Build.0 = Debug|x64
		{E33494DD-68BE-4EC5-A33A-9B846A5F7F67}.Debug|x86.ActiveCfg = Debug|Win32
		{E33494DD-68BE-4EC5-A33A-9B846A5F7F67}.Debug|x86.Build.0 = Debug|Win32
		{E33494DD-68BE-4EC5-A33A-9B846A5F7F67}.Release|x64.ActiveCfg = Release|x64
		{E33494DD-68BE-4EC5-A33A-9B846A5F7F67}.Release|x64.Build.0 = Release|x64
		{E33494DD-68BE-4EC5-A33A-9B846A5F7F67}.Release|x86.ActiveCfg = Release|Win32
		{E33494DD-68BE-4EC5-A33A-9B846A5F7F67}.Release|x86.Build.0 = Release|Win32
		{3C358FFD-7360-4105-9C5D-71F28D9824FB}.Debug|x64.ActiveCfg = Debug|x64
		{3C358FFD-7360-4105-9C5D-71F28D9824FB}.Debug|x64.Build.0 = Debug|x64
		{3C358FFD-7360-4105-9C5D-71F28D9824FB}.Debug|x86.ActiveCfg = Debug|Win32
		{3C358FFD-7360-4105-9C5D-71F28D9824FB}.Debug|x86.Build.0 = Debug|Win32
		{3C358FFD-7360-4105-9C5D-71F28D9824FB}.Release|x64.ActiveCfg = Release|x64
		{3C358FFD-7360-4105-9C5D-71F28D9824FB}.Release|x64.Build.0 = Release|x64
		{3C358FFD-7360-4105-9C5D-71F28D9824FB}.Release|x86.ActiveCfg = Release|Win32
		{3C358FFD-7360-4105-9C5D-71F28D9824FB}.Release|x86.Build.0 = Release|Win32
		{5794C473-2125-43DB-B94D-75D3332CFE47}.Debug|x64.ActiveCfg = Debug|x64
		{5794C473-2125-43DB-B94D-75D3332CFE47}.Debug|x64.Build.0 = Debug|x64
		{5794C473-2125-43DB-B94D-75D3332CFE47}.Debug|x86.ActiveCfg = Debug|Win32
		{5794C473-2125-43DB-B94D-75D3332CFE47}.Debug|x86.Build.0 = Debug|Win32
		{5794C473-2125-43DB-B94D-75D3332CFE47}.Release|x64.ActiveCfg = Release|x64
		{5794C473-2125-43DB-B94D-75D3332CFE47}.Release|x64.Build.0 = Release|x64
		{5794C473-2125-43DB-B94D-75D3332CFE47}.Release|x86.ActiveCfg = Release|Win32
		{5794C473-2125-43DB-B94D-75D3332CFE47}.Release|x86.Build.0 = Release|Win32
		{333D0AF4-D1CF-4FA3-AA78-36B88D2B93BB}.Debug|x64.ActiveCfg = Debug|x64
		{333D0AF4-D1CF-4FA3-AA78-36B88D2B93BB}.Debug|x64.Build.0 = Debug|x64
		{333D0AF4-D1CF-4FA3-AA78-36B88D2B93BB}.Debug|x86.ActiveCfg = Debug|Win32
		{333D0AF4-D1CF-4FA3-AA78-36B88D2B93BB}.Debug|x86.Build.0 = Debug|Win32
		{333D0AF4-D1CF-4FA3-AA78-36B88D2B93BB}.Release|x64.ActiveCfg = Release|x64
		{333D0AF4-D1CF-4FA3-AA78-36B88D2B93BB}.Release|x64.Build.0 = Release|x64
		{333D0AF4-D1CF-4FA3-AA78-36B88D2B93BB}.Release|x86.ActiveCfg = Release|Win32
		{333D0AF4-D1CF-4FA3-AA78-36B88D2B93BB}.Release|x86.Build.0 = Release|Win32
		{514D47AF-9D64-47A1-B122-089823420E05}.Debug|x64.ActiveCfg = Debug|x64
		{514D47AF-9D64-47A1-B122-089823420E05}.Debug|x64.Build.0 = Debug|x64
		{514D47AF-9D64-47A1-B122-089823420E05}.Debug|x86.ActiveCfg = Debug|Win32
		{514D47AF-9D64-47A1-B122-089823420E05}.Debug|x86.Build.0 = Debug|Win32
		{514D47AF-9D64-47A1-B122-089823420E05}.Release|x64.ActiveCfg = Release|x64
		{514D47AF-9D64-47A1-B122-089823420E05}.Release|x64.Build.0 = Release|x64
		{514D47AF-9D64-47A1-B122-089823420E05}.Release|x86.ActiveCfg = Release|Win32
		{514D47AF-9D64-47A1-B122-089823420E05}.Release|x86.Build.0 = Release|Win32
		{868C5391-A076-4FC3-B829-7104509FEB4E}.Debug|x64.ActiveCfg = Debug|x64
		{868C5391-A076-4FC3-B829-7104509FEB4E}.Debug|x64.Build.0 = Debug|x64
		{868C5391-A076-4FC3-B829-7104509FEB4E}.Debug|x86.ActiveCfg = Debug|Win32
		{868C5391-A076-4FC3-B829-7104509FEB4E}.Debug|x86.Build.0 = Debug|Win32
		{868C5391-A076-4FC3-B829-7104509FEB4E}.Release|x64.ActiveCfg = Release|x64
		{868C5391-A076-4FC3-B829-7104509FEB4E}.Release|x64.Build.0 = Release|x64
		{868C5391-A076-4FC3-B829-7104509FEB4E}.Release|x86.ActiveCfg = Release|Win32
		{868C5391-A076-4FC3-B829-7104509FEB4E}.Release|x86.Build.0 = Release|Win32
		{D77497BF-7972-467C-868A-801226BE9B90}.Debug|x64.ActiveCfg = Debug|x64
		{D77497BF-7972-467C-868A-801226BE9B90}.Debug|x64.Build.0 = Debug|x64
		{D77497BF-7972-467C-868A-801226BE9B90}.Debug|x86.ActiveCfg = Debug|Win32
		{D77497BF-7972-467C-868A-801226BE9B90}.Debug|x86.Build.0 = Debug|Win32
		{D77497BF-7972-467C-868A-801226BE9B90}.Release|x64.ActiveCfg = Release|x64
		{D77497BF-7972-467C-868A-801226BE9B90}.Release|x64.Build.0 = Release|x64
		{D77497BF-7972-467C-868A-801226BE9B90}.Release|x86.ActiveCfg = Release|Win32
		{D77497BF-7972-467C-868A-801226BE9B90}.Release|x86.Build.0 = Release|Win32
		{1E3FC866-C342-4B58-869C-30D6C345D414}.Debug|x64.ActiveCfg = Debug|x64
		{1E3FC866-C342-4B58-869C-30D6C345D414}.Debug|x64.Build.0 = Debug|x64
		{1E3FC866-C342-4B58-869C-30D6C345D414}.Debug|x86.ActiveCfg = Debug|Win32
		{1E3FC866-C342-4B58-869C-30D6C345D414}.Debug|x86.Build.0 = Debug|Win32
		{1E3FC866-C342-4B58-869C-30D6C345D414}.Release|x64.ActiveCfg = Release|x64
		{1E3FC866-C342-4B58-869C-30D6C345D414}.Release|x64.Build.0 = Release|x64
		{1E3FC866-C342-4B58-869C-30D6C345D414}.Release|x86.ActiveCfg = Release|Win32
		{1E3FC866-C342-4B58-869C-30D6C345D414}.Release|x86.Build.0 = Release|Win32
		{D4F32CD6-E01C-4DC2-90BB-EB935E3F1D3D}.Debug|x64.ActiveCfg = Debug|x64
		{D4F32CD6-E01C-4DC2-90BB-EB935E3F1D3D}.Debug|x64.Build.0 = Debug|x64
		{D4F32CD6-E01C-4DC2-90BB-EB935E3F1D3D}.Debug|x86.ActiveCfg = Debug|Win32
		{D4F32CD6-E01C-4DC2-90BB-EB935E3F1D3D}.Debug|x86.Build.0 = Debug|Win32
		{D4F32CD6-E01C-4DC2-90BB-EB935E3F1D3D}.Release|x64.ActiveCfg = Release|x64
		{D4F32CD6-E01C-4DC2-90BB-EB935E3F1D3D}.Release|x64.Build.0 = Release|x64
		{D4F32CD6-E01C-4DC2-90BB-EB935E3F1D3D}.Release|x86.ActiveCfg = Release|Win32
		{D4F32CD6-E01C-4DC2-90BB-EB935E3F1D3D}.Release|x86.Build.0 = Release|Win32
		{6A080EAD-ADEE-47D1-9494-685664D68176}.Debug|x64.ActiveCfg = Debug|x64
		{6A080EAD-ADEE-47D1-9494-685664D68176}.Debug|x64.Build.0 = Debug|x64
		{6A080EAD-ADEE-47D1-9494-685664D68176}.Debug|x86.ActiveCfg = Debug|Win32
		{6A080EAD-ADEE-47D1-9494-685664D68176}.Debug|x86.Build.0 = Debug|Win32
		{6A080EAD-ADEE-47D1-9494-685664D68176}.Release|x64.ActiveCfg = Release|x64
		{6A080EAD-ADEE-47D1-9494-685664D68176}.Release|x64.Build.0 = Release|x64
		{6A080EAD-ADEE-47D1-9494-685664D68176}.Release|x86.ActiveCfg = Release|Win32
		{6A080EAD-ADEE-47D1-9494-685664D68176}.Release|x86.Build.0 = Release|Win32
		{18A23328-4C1D-4E00-A16A-238F7E779431}.Debug|x64.ActiveCfg = Debug|x64
		{18A23328-4C1D-4E00-A16A-238F7E779431}.Debug|x64.Build.0 = Debug|x64
		{18A23328-4C1D-4E00-A16A-238F7E779431}.Debug|x86.ActiveCfg = Debug|Win32
		{18A23328-4C1D-4E00-A16A-238F7E779431}.Debug|x86.Build.0 = Debug|Win32
		{18A23328-4C1D-4E00-A16A-238F7E779431}.Release|x64.ActiveCfg = Release|x64
		{18A23328-4C1D-4E00-A16A-238F7E779431}.Release|x64.Build.0 = Release|x64
		{18A23328-4C1D-4E00-A16A-238F7E779431}.Release|x86.ActiveCfg = Release|Win32
		{18A23328-4C1D-4E00-A16A-238F7E779431}.Release|x86.Build.0 = Release|Win32
		{F07A3441-D205-4346-9031-6BA295A0F989}.Debug|x64.ActiveCfg = Debug|x64
		{F07A3441-D205-4346-9031-6BA295A0F989}.Debug|x64.Build.0 = Debug|x64
		{F07A3441-D205-4346-9031-6BA295A0F989}.Debug|x86.ActiveCfg = Debug|Win32
		{F07A3441-D205-4346-9031-6BA295A0F989}.Debug|x86.Build.0 = Debug|Win32
		{F07A3441-D205-4346-9031-6BA295A0F989}.Release|x64.ActiveCfg = Release|x64
		{F07A3441-D205-4346-9031-6BA295A0F989}.Release|x64.Build.0 = Release|x64
		{F07A3441-D205-4346-9031-6BA295A0F989}.Release|x86.ActiveCfg = Release|Win32
		{F07A3441-D205-4346-9031-6BA295A0F989}.Release|x86.Build.0 = Release|Win32
		{174D9AC1-584C-4012-A1DA-72A31B554F3C}.Debug|x64.ActiveCfg = Debug|x64
		{174D9AC1-584C-4012-A1DA-72A31B554F3C}.Debug|x64.Build.0 = Debug|x64
		{174D9AC1-584C-4012-A1DA-72A31B554F3C}.Debug|x86.ActiveCfg = Debug|Win32
		{174D9AC1-584C-4012-A1DA-72A31B554F3C}.Debug|x86.Build.0 = Debug|Win32
		{174D9AC1-584C-4012-A1DA-72A31B554F3C}.Release|x64.ActiveCfg = Release|x64
		{174D9AC1-584C-4012-A1DA-72A31B554F3C}.Release|x64.Build.0 = Release|x64
		{174D9AC1-584C-4012-A1DA-72A31B554F3C}.Release|x86.ActiveCfg = Release|Win32
		{174D9AC1-584C-4012-A1DA-72A31B554F3C}.Release|x86.Build.0 = Release|Win32
		{308E2A56-CAD0-43BA-9564-50CFE48903B3}.Debug|x64.ActiveCfg = Debug|x64
		{308E2A56-CAD0-43BA-9564-50CFE48903B3}.Debug|x64.Build.0 = Debug|x64
		{308E2A56-CAD0-43BA-9564-50CFE48903B3}.Debug|x86.ActiveCfg = Debug|Win32
		{308E2A56-CAD0-43BA-9564-50CFE48903B3}.Debug|x86.Build.0 = Debug|Win32
		{308E2A56-CAD0-43BA-9564-50CFE48903B3}.Release|x64.ActiveCfg = Release|x64
		{308E2A56-CAD0-43BA-9564-50CFE48903B3}.Release|x64.Build.0 = Release|x64
		{308E2A56-CAD0-43BA-9564-50CFE48903B3}.Release|x86.ActiveCfg = Release|Win32
		{308E2A56-CAD0-43BA-9564-50CFE48903B3}.Release|x86.Build.0 = Release|Win32
		{04A39266-12D9-4B35-9401-1411AB45B80B}.Debug|x64.ActiveCfg = Debug|x64
		{04A39266-12D9-4B35-9401-1411AB45B80B}.Debug|x64.Build.0 = Debug|x64
		{04A39266-12D9-4B35-9401-1411AB45B80B}.Debug|x86.ActiveCfg = Debug|Win32
		{04A39266-12D9-4B35-9401-1411AB45B80B}.Debug|x86.Build.0 = Debug|Win32
		{04A39266-12D9-4B35-9401-1411AB45B80B}.Release|x64.ActiveCfg = Release|x64
		{04A39266-12D9-4B35-9401-1411AB45B80B}.Release|x64.Build.0 = Release|x64
		{04A39266-12D9-4B35-9401-1411AB45B80B}.Release|x86.ActiveCfg = Release|Win32
		{04A39266-12D9-4B35-9401-1411AB45B80B}.Release|x86.Build.0 = Release|Win32
		{196B9DD9-A5A3-45F7-B841-2424C678EEBD}.Debug|x64.ActiveCfg = Debug|x64
		{196B9DD9-A5A3-45F7-B841-2424C678EEBD}.Debug|x64.Build.0 = Debug|x64
		{196B9DD9-A5A3-45F7-B841-2424C678EEBD}.Debug|x86.ActiveCfg = Debug|Win32
		{196B9DD9-A5A3-45F7-B841-2424C678EEBD}.Debug|x86.Build.0 = Debug|Win32
		{196B9DD9-A5A3-45F7-B841-2424C678EEBD}.Release|x64.ActiveCfg = Release|x64
		{196B9DD9-A5A3-45F7-B841-2424C678EEBD}.Release|x64.Build.0 = Release|x64
		{196B9DD9-A5A3-45F7-B841-2424C678EEBD}.Release|x86.ActiveCfg = Release|Win32
		{196B9DD9-A5A3-45F7-B841-2424C678EEBD}.Release|x86.Build.0 = Release|Win32
		{9D013EC1-3FF4-4BC8-9F92-0355BC83A562}.Debug|x64.ActiveCfg = Debug|x64
		{9D013EC1-3FF4-4BC8-9F92-0355BC83A562}.Debug|x64.Build.0 = Debug|x64
		{9D013EC1-3FF4-4BC8-9F92-0355BC83A562}.Debug|x86.ActiveCfg = Debug|Win32
		{9D013EC1-3FF4-4BC8-9F92-0355BC83A562}.Debug|x86.Build.0 = Debug|Win32
		{9D013EC1-3FF4-4BC8-9F92-0355BC83A562}.Release|x64.ActiveCfg = Release|x64
		{9D013EC1-3FF4-4BC8-9F92-0355BC83A562}.Release|x64.Build.0 = Release|x64
		{9D013EC1-3FF4-4BC8-9F92-0355BC83A562}.Release|x86.ActiveCfg = Release|Win32
		{9D013EC1-3FF4-4BC8-9F92-0355BC83A562}.Release|x86.Build.0 = Release|Win32
		{E2586BB0-C6C3-45BF-A3D6-28FCCFA2D7E2}.Debug|x64.ActiveCfg = Debug|x64
		{E2586BB0-C6C3-45BF-A3D6-28FCCFA2D7E2}.Debug|x64.Build.0 = Debug|x64
		{E2586BB0-C6C3-45BF-A3D6-28FCCFA2D7E2}.Debug|x86.ActiveCfg = Debug|Win32
		{E2586BB0-C6C3-45BF-A3D6-28FCCFA2D7E2}.Debug|x86.Build.0 = Debug|Win32
		{E2586BB0-C6C3-45BF-A3D6-28FCCFA2D7E2}.Release|x64.ActiveCfg = Release|x64
		{E2586BB0-C6C3-45BF-A3D6-28FCCFA2D7E2}.Release|x64.Build.0 = Release|x64
		{E2586BB0-C6C3-45BF-A3D6-28FCCFA2D7E2}.Release|x86.ActiveCfg = Release|Win32
		{E2586BB0-C6C3-45BF-A3D6-28FCCFA2D7E2}.Release|x86.Build.0 = Release|Win32
		{EACEA775-167C-46CF-A1B5-6F141A9B0776}.Debug|x64.ActiveCfg = Debug|x64
		{EACEA775-167C-46CF-A1B5-6F141A9B0776}.Debug|x64.Build.0 = Debug|x64
		{EACEA775-167C-46CF-A1B5-6F141A9B0776}.Debug|x86.ActiveCfg = Debug|Win32
		{EACEA775-167C-46CF-A1B5-6F141A9B0776}.Debug|x86.Build.0 = Debug|Win32
		{EACEA775-167C-46CF-A1B5-6F141A9B0776}.Release|x64.ActiveCfg = Release|x64
		{EACEA775-167C-46CF-A1B5-6F141A9B0776}.Release|x64.Build.0 = Release|x64
		{EACEA775-167C-46CF-A1B5-6F141A9B0776}.Release|x86.ActiveCfg = Release|Win32
		{EACEA775-167C-46CF-A1B5-6F141A9B0776}.Release|x86.Build.0 = Release|Win32
		{5CF012EA-9299-4615-9DA1-788E2D97EA4E}.Debug|x64.ActiveCfg = Debug|x64
		{5CF012EA-9299-4615-9DA1-788E2D97EA4E}.Debug|x64.Build.0 = Debug|x64
		{5CF012EA-9299-4615-9DA1-788E2D97EA4E}.Debug|x86.ActiveCfg = Debug|Win32
		{5CF012EA-9299-4615-9DA1-788E2D97EA4E}.Debug|x86.Build.0 = Debug|Win32
		{5CF012EA-9299-4615-9DA1-788E2D97EA4E}.Release|x64.ActiveCfg = Release|x64
		{5CF012EA-9299-4615-9DA1-788E2D97EA4E}.Release|x64.Build.0 = Release|x64
		{5CF012EA-9299-4615-9DA1-788E2D97EA4E}.Release|x86.ActiveCfg = Release|Win32
		{5CF012EA-9299-4615-9DA1-788E2D97EA4E}.Release|x86.Build.0 = Release|Win32
		{CDFF467F-8FFE-498E-B02B-9C0D83C6DF5A}.Debug|x64.ActiveCfg = Debug|x64
		{CDFF467F-8FFE-498E-B02B-9C0D83C6DF5A}.Debug|x64.Build.0 = Debug|x64
		{CDFF467F-8FFE-498E-B02B-9C0D83C6DF5A}.Debug|x86.ActiveCfg = Debug|Win32
		{CDFF467F-8FFE-498E-B02B-9C0D83C6DF5A}.Debug|x86.Build.0 = Debug|Win32
		{CDFF467F-8FFE-498E-B02B-9C0D83C6DF5A}.Release|x64.ActiveCfg = Release|x64
		{CDFF467F-8FFE-498E-B02B-9C0D83C6DF5A}.Release|x64.Build.0 = Release|x64
		{CDFF467F-8FFE-498E-B02B-9C0D83C6DF5A}.Release|x86.ActiveCfg = Release|Win32
		{CDFF467F-8FFE-498E-B02B-9C0D83C6DF5A}.Release|x86.Build.0 = Release|Win32
		{B1EB304C-3C3A-4F41-914B-7E0F40CCAA24}.Debug|x64.ActiveCfg = Debug|x64
		{B1EB304C-3C3A-4F41-914B-7E0F40CCAA24}.Debug|x64.Build.0 = Debug|x64
		{B1EB304C-3C3A-4F41-914B-7E0F40CCAA24}.Debug|x86.ActiveCfg = Debug|Win32
		{B1EB304C-3C3A-4F41-914B-7E0F40CCAA24}.Debug|x86.Build.0 = Debug|Win32
		{B1EB304C-3C3A-4F41-914B-7E0F40CCAA24}.Release|x64.ActiveCfg = Release|x64
		{B1EB304C-3C3A-4F41-914B-7E0F40CCAA24}.Release|x64.Build.0 = Release|x64
		{B1EB304C-3C3A-4F41-914B-7E0F40CCAA24}.Release|x86.ActiveCfg = Release|Win32
		{B1EB304C-3C3A-4F41-914B-7E0F40CCAA24}.Release|x86.Build.0 = Release|Win32
		{39AA811B-3EE3-40A1-A15D-4C37D4B63BAD}.Debug|x64.ActiveCfg = Debug|x64
		{39AA811B-3EE3-40A1-A15D-4C37D4B63BAD}.Debug|x64.Build.0 = Debug|x64
		{39AA811B-3EE3-40A1-A15D-4C37D4B63BAD}.Debug|x86.ActiveCfg = Debug|Win32
		{39AA811B-3EE3-40A1-A15D-4C37D4B63BAD}.Debug|x86.Build.0 = Debug|Win32
		{39AA811B-3EE3-40A1-A15D-4C37D4B63BAD}.Release|x64.ActiveCfg = Release|x64
		{39AA811B-3EE3-40A1-A15D-4C37D4B63BAD}.Release|x64.Build.0 = Release|x64
		{39AA811B-3EE3-40A1-A15D-4C37D4B63BAD}.Release|x86.ActiveCfg = Release|Win32
		{39AA811B-3EE3-40A1-A15D-4C37D4B63BAD}.Release|x86.Build.0 = Release|Win32
		{4C20D10F-3CAF-4CE6-85B3-8C8D9010BD23}.Debug|x64.ActiveCfg = Debug|x64
		{4C20D10F-3CAF-4CE6-85B3-8C8D9010BD23}.Debug|x64.Build.0 = Debug|x64
		{4C20D10F-3CAF-4CE6-85B3-8C8D9010BD23}.Debug|x86.ActiveCfg = Debug|Win32
		{4C20D10F-3CAF-4CE6-85B3-8C8D9010BD23}.Debug|x86.Build.0 = Debug|Win32
		{4C20D10F-3CAF-4CE6-85B3-8C8D9010BD23}.Release|x64.ActiveCfg = Release|x64
		{4C20D10F-3CAF-4CE6-85B3-8C8D9010BD23}.Release|x64.Build.0 = Release|x64
		{4C20D10F-3CAF-4CE6-85B3-8C8D9010BD23}.Release|x86.ActiveCfg = Release|Win32
		{4C20D10F-3CAF-4CE6-85B3-8C8D9010BD23}.Release|x86.Build.0 = Release|Win32
		{3853519B-4311-44BC-9744-D385F98434C1}.Debug|x64.ActiveCfg = Debug|x64
		{3853519B-4311-44BC-9744-D385F98434C1}.Debug|x64.Build.0 = Debug|x64
		{3853519B-4311-44BC-9744-D385F98434C1}.Debug|x86.ActiveCfg = Debug|Win32
		{3853519B-4311-44BC-9744-D385F98434C1}.Debug|x86.Build.0 = Debug|Win32
		{3853519B-4311-44BC-9744-D385F98434C1}.Release|x64.ActiveCfg = Release|x64
		{3853519B-4311-44BC-9744-D385F98434C1}.Release|x64.Build.0 = Release|x64
		{3853519B-4311-44BC-9744-D385F98434C1}.Release|x86.ActiveCfg = Release|Win32
		{3853519B-4311-44BC-9744-D385F98434C1}.Release|x86.Build.0 = Release|Win32
		{28CBE115-85CA-4D93-9DEC-C0E5D162FCEF}.Debug|x64.ActiveCfg = Debug|x64
		{28CBE115-85CA-4D93-9DEC-C0E5D162FCEF}.Debug|x64.Build.0 = Debug|x64
		{28CBE115-85CA-4D93-9DEC-C0E5D162FCEF}.Debug|x86.ActiveCfg = Debug|Win32
		{28CBE115-85CA-4D93-9DEC-C0E5D162FCEF}.Debug|x86.Build.0 = Debug|Win32
		{28CBE115-85CA-4D93-9DEC-C0E5D162FCEF}.Release|x64.ActiveCfg = Release|x64
		{28CBE115-85CA-4D93-9DEC-C0E5D162FCEF}.Release|x64.Build.0 = Release|x64
		{28CBE115-85CA-4D93-9DEC-C0E5D162FCEF}.Release|x86.ActiveCfg = Release|Win32
		{28CBE115-85CA-4D93-9DEC-C0E5D162FCEF}.Release|x86.Build.0 = Release|Win32
		{1F29DB94-B77B-4995-8E3A-33F62FF69042}.Debug|x64.ActiveCfg = Debug|x64
		{1F29DB94-B77B-4995-8E3A-33F62FF69042}.Debug|x64.Build.0 = Debug|x64
		{1F29DB94-B77B-4995-8E3A-33F62FF69042}.Debug|x86.ActiveCfg = Debug|Win32
		{1F29DB94-B77B-4995-8E3A-33F62FF69042}.Debug|x86.Build.0 = Debug|Win32
		{1F29DB94-B77B-4995-8E3A-33F62FF69042}.Release|x64.ActiveCfg = Release|x64
		{1F29DB94-B77B-4995-8E3A-33F62FF69042}.Release|x64.Build.0 = Release|x64
		{1F29DB94-B77B-4995-8E3A-33F62FF69042}.Release|x86.ActiveCfg = Release|Win32
		{1F29DB94-B77B-4995-8E3A-33F62FF69042}.Release|x86.Build.0 = Release|Win32
		{B452B0EA-9D89-4735-8F29-D6AB736BB0A9}.Debug|x64.ActiveCfg = Debug|x64
		{B452B0EA-9D89-4735-8F29-D6AB736BB0A9}.Debug|x64.Build.0 = Debug|x64
		{B452B0EA-9D89-4735-8F29-D6AB736BB0A9}.Debug|x86.ActiveCfg = Debug|Win32
		{B452B0EA-9D89-4735-8F29-D6AB736BB0A9}.Debug|x86.Build.0 = Debug|Win32
		{B452B0EA-9D89-4735-8F29-D6AB736BB0A9}.Release|x64.ActiveCfg = Release|x64
		{B452B0EA-9D89-4735-8F29-D6AB736BB0A9}.Release|x64.Build.0 = Release|x64
		{B452B0EA-9D89-4735-8F29-D6AB736BB0A9}.Release|x86.ActiveCfg = Release|Win32
		{B452B0EA-9D89-4735-8F29-D6AB736BB0A9}.Release|x86.Build.0 = Release|Win32
		{A2600CD6-8B89-4FF0-A53D-4890D1FF4F22}.Debug|x64.ActiveCfg = Debug|x64
		{A2600CD6-8B89-4FF0-A53D-4890D1FF4F22}.Debug|x64.Build.0 = Debug|x64
		{A2600CD6-8B89-4FF0-A53D-4890D1FF4F22}.Debug|x86.ActiveCfg = Debug|Win32
		{A2600CD6-8B89-4FF0-A53D-4890D1FF4F22}.Debug|x86.Build.0 = Debug|Win32
		{A2600CD6-8B89-4FF0-A53D-4890D1FF4F22}.Release|x64.ActiveCfg = Release|x64
		{A2600CD6-8B89-4FF0-A53D-4890D1FF4F22}.Release|x64.Build.0 = Release|x64
		{A2600CD6-8B89-4FF0-A53D-4890D1FF4F22}.Release|x86.ActiveCfg = Release|Win32
		{A2600CD6-8B89-4FF0-A53D-4890D1FF4F22}.Release|x86.Build.0 = Release|Win32
		{598A4041-A61E-4303-823D-3DA2A018F08B}.Debug|x64.ActiveCfg = Debug|x64
		{598A4041-A61E-4303-823D-3DA2A018F08B}.Debug|x64.Build.0 = Debug|x64
		{598A4041-A61E-4303-823D-3DA2A018F08B}.Debug|x86.ActiveCfg = Debug|Win32
		{598A4041-A61E-4303-823D-3DA2A018F08B}.Debug|x86.Build.0 = Debug|Win32
		{598A4041-A61E-4303-823D-3DA2A018F08B}.Release|x64.ActiveCfg = Release|x64
		{598A4041-A61E-4303-823D-3DA2A018F08B}.Release|x64.Build.0 = Release|x64
		{598A4041-A61E-4303-823D-3DA2A018F08B}.Release|x86.ActiveCfg = Release|Win32
		{598A4041-A61E-4303-823D-3DA2A018F08B}.Release|x86.Build.0 = Release|Win32
		{5A4C3BA5-56F6-4E09-A290-C502B52FA42F}.Debug|x64.ActiveCfg = Debug|x64
		{5A4C3BA5-56F6-4E09-A290-C502B52FA42F}.Debug|x64.Build.0 = Debug|x64
		{5A4C3BA5-56F6-4E09-A290-C502B52FA42F}.Debug|x86.ActiveCfg = Debug|Win32
		{5A4C3BA5-56F6-4E09-A290-C502B52FA42F}.Debug|x86.Build.0 = Debug|Win32
		{5A4C3BA5-56F6-4E09-A290-C502B52FA42F}.Release|x64.ActiveCfg = Release|x64
		{5A4C3BA5-56F6-4E09-A290-C502B52FA42F}.Release|x64.Build.0 = Release|x64
		{5A4C3BA5-56F6-4E09-A290-C502B52FA42F}.Release|x86.ActiveCfg = Release|Win32
		{5A4C3BA5-56F6-4E09-A290-C502B52FA42F}.Release|x86.Build.0 = Release|Win32
		{DFDF206A-72B5-4513-9CC6-DE95332AAB17}.Debug|x64.ActiveCfg = Debug|x64
		{DFDF206A-72B5-4513-9CC6-DE95332AAB17}.Debug|x64.Build.0 = Debug|x64
		{DFDF206A-72B5-4513-9CC6-DE95332AAB17}.Debug|x86.ActiveCfg = Debug|Win32
		{DFDF206A-72B5-4513-9CC6-DE95332AAB17}.Debug|x86.Build.0 = Debug|Win32
		{DFDF206A-72B5-4513-9CC6-DE95332AAB17}.Release|x64.ActiveCfg = Release|x64
		{DFDF206A-72B5-4513-9CC6-DE95332AAB17}.Release|x64.Build.0 = Release|x64
		{DFDF206A-72B5-4513-9CC6-DE95332AAB17}.Release|x86.ActiveCfg = Release|Win32
		{DFDF206A-72B5-4513-9CC6-DE95332AAB17}.Release|x86.Build.0 = Release|Win32
	EndGlobalSection
	GlobalSection(SolutionProperties) = preSolution
		HideSolutionNode = FALSE
	EndGlobalSection
	GlobalSection(ExtensibilityGlobals) = postSolution
		SolutionGuid = {B2646AFD-00A6-4385-912C-32E89F8225CC}
	EndGlobalSection
EndGlobal
